
Microsoft Visual Studio Solution File, Format Version 12.00
# Visual Studio Version 16
VisualStudioVersion = 16.0.31005.135
MinimumVisualStudioVersion = 10.0.40219.1
Project("{FAE04EC0-301F-11D3-BF4B-00C04F79EFBC}") = "N-tier_architecture", "N-tier_architecture\N-tier_architecture.csproj", "{395BA303-7F8C-4AC6-94D8-1AFB39E0698F}"
EndProject
Global
	GlobalSection(SolutionConfigurationPlatforms) = preSolution
		Debug|Any CPU = Debug|Any CPU
		Release|Any CPU = Release|Any CPU
	EndGlobalSection
	GlobalSection(ProjectConfigurationPlatforms) = postSolution
		{395BA303-7F8C-4AC6-94D8-1AFB39E0698F}.Debug|Any CPU.ActiveCfg = Debug|Any CPU
		{395BA303-7F8C-4AC6-94D8-1AFB39E0698F}.Debug|Any CPU.Build.0 = Debug|Any CPU
		{395BA303-7F8C-4AC6-94D8-1AFB39E0698F}.Release|Any CPU.ActiveCfg = Release|Any CPU
		{395BA303-7F8C-4AC6-94D8-1AFB39E0698F}.Release|Any CPU.Build.0 = Release|Any CPU
	EndGlobalSection
	GlobalSection(SolutionProperties) = preSolution
		HideSolutionNode = FALSE
	EndGlobalSection
	GlobalSection(ExtensibilityGlobals) = postSolution
		SolutionGuid = {DAE7A47B-483E-4B5C-B316-E65FABD35755}
	EndGlobalSection
EndGlobal
